
Microsoft Visual Studio Solution File, Format Version 12.00
# Visual Studio Version 17
VisualStudioVersion = 17.6.33815.320
MinimumVisualStudioVersion = 10.0.40219.1
Project("{FAE04EC0-301F-11D3-BF4B-00C04F79EFBC}") = "CityInfo.Api", "CityInfo.Api\CityInfo.Api.csproj", "{AE813F63-03FD-46A4-B9A2-888BFE344F6D}"
EndProject
Global
	GlobalSection(SolutionConfigurationPlatforms) = preSolution
		Debug|Any CPU = Debug|Any CPU
		Release|Any CPU = Release|Any CPU
	EndGlobalSection
	GlobalSection(ProjectConfigurationPlatforms) = postSolution
		{AE813F63-03FD-46A4-B9A2-888BFE344F6D}.Debug|Any CPU.ActiveCfg = Debug|Any CPU
		{AE813F63-03FD-46A4-B9A2-888BFE344F6D}.Debug|Any CPU.Build.0 = Debug|Any CPU
		{AE813F63-03FD-46A4-B9A2-888BFE344F6D}.Release|Any CPU.ActiveCfg = Release|Any CPU
		{AE813F63-03FD-46A4-B9A2-888BFE344F6D}.Release|Any CPU.Build.0 = Release|Any CPU
	EndGlobalSection
	GlobalSection(SolutionProperties) = preSolution
		HideSolutionNode = FALSE
	EndGlobalSection
	GlobalSection(ExtensibilityGlobals) = postSolution
		SolutionGuid = {81747B9C-E536-42FC-AFA2-A7C16791AE21}
	EndGlobalSection
EndGlobal
